
Microsoft Visual Studio Solution File, Format Version 12.00
# Visual Studio 15
VisualStudioVersion = 15.0.27703.2000
MinimumVisualStudioVersion = 10.0.40219.1
Project("{FAE04EC0-301F-11D3-BF4B-00C04F79EFBC}") = "ArrangingNumbers", "ArrangingNumbers\ArrangingNumbers.csproj", "{F8514523-7E43-4176-8476-9B88F61A131D}"
EndProject
Project("{FAE04EC0-301F-11D3-BF4B-00C04F79EFBC}") = "LargestNumber", "LargestNumber\LargestNumber.csproj", "{44851A50-F910-4F92-AE13-0CA9014F8BBD}"
EndProject
Project("{FAE04EC0-301F-11D3-BF4B-00C04F79EFBC}") = "NumberOfComparisons", "NumberOfComparisons\NumberOfComparisons.csproj", "{F2DA82BF-88EF-40DB-B411-6CBC23138FF2}"
EndProject
Project("{FAE04EC0-301F-11D3-BF4B-00C04F79EFBC}") = "EuclidCommonDivisor", "EuclidCommonDivisor\EuclidCommonDivisor.csproj", "{3BF1D9FE-1131-447D-8085-7BCB2D4E037F}"
EndProject
Project("{FAE04EC0-301F-11D3-BF4B-00C04F79EFBC}") = "Extension", "Extension\Extension.csproj", "{E317B94E-41BD-4641-9767-980343334A08}"
EndProject
Global
	GlobalSection(SolutionConfigurationPlatforms) = preSolution
		Debug|Any CPU = Debug|Any CPU
		Release|Any CPU = Release|Any CPU
	EndGlobalSection
	GlobalSection(ProjectConfigurationPlatforms) = postSolution
		{F8514523-7E43-4176-8476-9B88F61A131D}.Debug|Any CPU.ActiveCfg = Debug|Any CPU
		{F8514523-7E43-4176-8476-9B88F61A131D}.Debug|Any CPU.Build.0 = Debug|Any CPU
		{F8514523-7E43-4176-8476-9B88F61A131D}.Release|Any CPU.ActiveCfg = Release|Any CPU
		{F8514523-7E43-4176-8476-9B88F61A131D}.Release|Any CPU.Build.0 = Release|Any CPU
		{44851A50-F910-4F92-AE13-0CA9014F8BBD}.Debug|Any CPU.ActiveCfg = Debug|Any CPU
		{44851A50-F910-4F92-AE13-0CA9014F8BBD}.Debug|Any CPU.Build.0 = Debug|Any CPU
		{44851A50-F910-4F92-AE13-0CA9014F8BBD}.Release|Any CPU.ActiveCfg = Release|Any CPU
		{44851A50-F910-4F92-AE13-0CA9014F8BBD}.Release|Any CPU.Build.0 = Release|Any CPU
		{F2DA82BF-88EF-40DB-B411-6CBC23138FF2}.Debug|Any CPU.ActiveCfg = Debug|Any CPU
		{F2DA82BF-88EF-40DB-B411-6CBC23138FF2}.Debug|Any CPU.Build.0 = Debug|Any CPU
		{F2DA82BF-88EF-40DB-B411-6CBC23138FF2}.Release|Any CPU.ActiveCfg = Release|Any CPU
		{F2DA82BF-88EF-40DB-B411-6CBC23138FF2}.Release|Any CPU.Build.0 = Release|Any CPU
		{3BF1D9FE-1131-447D-8085-7BCB2D4E037F}.Debug|Any CPU.ActiveCfg = Debug|Any CPU
		{3BF1D9FE-1131-447D-8085-7BCB2D4E037F}.Debug|Any CPU.Build.0 = Debug|Any CPU
		{3BF1D9FE-1131-447D-8085-7BCB2D4E037F}.Release|Any CPU.ActiveCfg = Release|Any CPU
		{3BF1D9FE-1131-447D-8085-7BCB2D4E037F}.Release|Any CPU.Build.0 = Release|Any CPU
		{E317B94E-41BD-4641-9767-980343334A08}.Debug|Any CPU.ActiveCfg = Debug|Any CPU
		{E317B94E-41BD-4641-9767-980343334A08}.Debug|Any CPU.Build.0 = Debug|Any CPU
		{E317B94E-41BD-4641-9767-980343334A08}.Release|Any CPU.ActiveCfg = Release|Any CPU
		{E317B94E-41BD-4641-9767-980343334A08}.Release|Any CPU.Build.0 = Release|Any CPU
	EndGlobalSection
	GlobalSection(SolutionProperties) = preSolution
		HideSolutionNode = FALSE
	EndGlobalSection
	GlobalSection(ExtensibilityGlobals) = postSolution
		SolutionGuid = {F25AF866-4EBB-4F5B-AE22-8E405FD76991}
	EndGlobalSection
EndGlobal
