
Microsoft Visual Studio Solution File, Format Version 12.00
# Visual Studio 15
VisualStudioVersion = 15.0.27703.2000
MinimumVisualStudioVersion = 10.0.40219.1
Project("{FAE04EC0-301F-11D3-BF4B-00C04F79EFBC}") = "LongestSubArrays", "LongestSubArrays\LongestSubArrays.csproj", "{BF9CBE6B-3E95-4349-ADF3-998AF27D023B}"
EndProject
Project("{FAE04EC0-301F-11D3-BF4B-00C04F79EFBC}") = "ArrangementOfPermutation", "ArrangementOfPermutation\ArrangementOfPermutation.csproj", "{4CDFFD58-51DC-4868-8088-06F6D272DC8D}"
EndProject
Project("{FAE04EC0-301F-11D3-BF4B-00C04F79EFBC}") = "RandomArray", "RandomArray\RandomArray.csproj", "{950D8106-555F-411A-807E-6B328DA8A440}"
EndProject
Global
	GlobalSection(SolutionConfigurationPlatforms) = preSolution
		Debug|Any CPU = Debug|Any CPU
		Release|Any CPU = Release|Any CPU
	EndGlobalSection
	GlobalSection(ProjectConfigurationPlatforms) = postSolution
		{BF9CBE6B-3E95-4349-ADF3-998AF27D023B}.Debug|Any CPU.ActiveCfg = Debug|Any CPU
		{BF9CBE6B-3E95-4349-ADF3-998AF27D023B}.Debug|Any CPU.Build.0 = Debug|Any CPU
		{BF9CBE6B-3E95-4349-ADF3-998AF27D023B}.Release|Any CPU.ActiveCfg = Release|Any CPU
		{BF9CBE6B-3E95-4349-ADF3-998AF27D023B}.Release|Any CPU.Build.0 = Release|Any CPU
		{4CDFFD58-51DC-4868-8088-06F6D272DC8D}.Debug|Any CPU.ActiveCfg = Debug|Any CPU
		{4CDFFD58-51DC-4868-8088-06F6D272DC8D}.Debug|Any CPU.Build.0 = Debug|Any CPU
		{4CDFFD58-51DC-4868-8088-06F6D272DC8D}.Release|Any CPU.ActiveCfg = Release|Any CPU
		{4CDFFD58-51DC-4868-8088-06F6D272DC8D}.Release|Any CPU.Build.0 = Release|Any CPU
		{950D8106-555F-411A-807E-6B328DA8A440}.Debug|Any CPU.ActiveCfg = Debug|Any CPU
		{950D8106-555F-411A-807E-6B328DA8A440}.Debug|Any CPU.Build.0 = Debug|Any CPU
		{950D8106-555F-411A-807E-6B328DA8A440}.Release|Any CPU.ActiveCfg = Release|Any CPU
		{950D8106-555F-411A-807E-6B328DA8A440}.Release|Any CPU.Build.0 = Release|Any CPU
	EndGlobalSection
	GlobalSection(SolutionProperties) = preSolution
		HideSolutionNode = FALSE
	EndGlobalSection
	GlobalSection(ExtensibilityGlobals) = postSolution
		SolutionGuid = {16E518E0-A041-40AE-9C7D-2CD4A6711226}
	EndGlobalSection
EndGlobal
