
Microsoft Visual Studio Solution File, Format Version 12.00
# Visual Studio 15
VisualStudioVersion = 15.0.27703.2000
MinimumVisualStudioVersion = 10.0.40219.1
Project("{FAE04EC0-301F-11D3-BF4B-00C04F79EFBC}") = "BridgingRelation", "BridgingRelation\BridgingRelation.csproj", "{C53C4BF7-1BF2-4FB4-8DA8-7AD4ED16BF11}"
EndProject
Project("{FAE04EC0-301F-11D3-BF4B-00C04F79EFBC}") = "EquivalenceRelation", "EquivalenceRelation\EquivalenceRelation.csproj", "{C5CAE569-BDE1-44F7-8398-C974192DFD46}"
EndProject
Project("{FAE04EC0-301F-11D3-BF4B-00C04F79EFBC}") = "EquivalenceMatrix", "EquivalenceMatrix\EquivalenceMatrix.csproj", "{C3A1371C-984C-4A83-B9DB-487D1582327C}"
EndProject
Global
	GlobalSection(SolutionConfigurationPlatforms) = preSolution
		Debug|Any CPU = Debug|Any CPU
		Release|Any CPU = Release|Any CPU
	EndGlobalSection
	GlobalSection(ProjectConfigurationPlatforms) = postSolution
		{C53C4BF7-1BF2-4FB4-8DA8-7AD4ED16BF11}.Debug|Any CPU.ActiveCfg = Debug|Any CPU
		{C53C4BF7-1BF2-4FB4-8DA8-7AD4ED16BF11}.Debug|Any CPU.Build.0 = Debug|Any CPU
		{C53C4BF7-1BF2-4FB4-8DA8-7AD4ED16BF11}.Release|Any CPU.ActiveCfg = Release|Any CPU
		{C53C4BF7-1BF2-4FB4-8DA8-7AD4ED16BF11}.Release|Any CPU.Build.0 = Release|Any CPU
		{C5CAE569-BDE1-44F7-8398-C974192DFD46}.Debug|Any CPU.ActiveCfg = Debug|Any CPU
		{C5CAE569-BDE1-44F7-8398-C974192DFD46}.Debug|Any CPU.Build.0 = Debug|Any CPU
		{C5CAE569-BDE1-44F7-8398-C974192DFD46}.Release|Any CPU.ActiveCfg = Release|Any CPU
		{C5CAE569-BDE1-44F7-8398-C974192DFD46}.Release|Any CPU.Build.0 = Release|Any CPU
		{C3A1371C-984C-4A83-B9DB-487D1582327C}.Debug|Any CPU.ActiveCfg = Debug|Any CPU
		{C3A1371C-984C-4A83-B9DB-487D1582327C}.Debug|Any CPU.Build.0 = Debug|Any CPU
		{C3A1371C-984C-4A83-B9DB-487D1582327C}.Release|Any CPU.ActiveCfg = Release|Any CPU
		{C3A1371C-984C-4A83-B9DB-487D1582327C}.Release|Any CPU.Build.0 = Release|Any CPU
	EndGlobalSection
	GlobalSection(SolutionProperties) = preSolution
		HideSolutionNode = FALSE
	EndGlobalSection
	GlobalSection(ExtensibilityGlobals) = postSolution
		SolutionGuid = {09F743FD-4D6B-4C2A-9FBE-5482ED872DAF}
	EndGlobalSection
EndGlobal
